// !$*UTF8*$!
{
	archiveVersion = 1;
	classes = {
	};
	objectVersion = 50;
	objects = {

/* Begin PBXBuildFile section */
		176787DF2085DDC90059B923 /* main.swift in Sources */ = {isa = PBXBuildFile; fileRef = 176787DE2085DDC90059B923 /* main.swift */; };
		176787E62085EBCE0059B923 /* LinearSearch.swift in Sources */ = {isa = PBXBuildFile; fileRef = 176787E52085EBCE0059B923 /* LinearSearch.swift */; };
		176787E82085EC160059B923 /* FizzBuzz.swift in Sources */ = {isa = PBXBuildFile; fileRef = 176787E72085EC160059B923 /* FizzBuzz.swift */; };
		176787EA2085EC2F0059B923 /* BinarySearch.swift in Sources */ = {isa = PBXBuildFile; fileRef = 176787E92085EC2F0059B923 /* BinarySearch.swift */; };
		176787EC2085EC4A0059B923 /* MostCommon.swift in Sources */ = {isa = PBXBuildFile; fileRef = 176787EB2085EC4A0059B923 /* MostCommon.swift */; };
		176787EE2085EC780059B923 /* Factorial.swift in Sources */ = {isa = PBXBuildFile; fileRef = 176787ED2085EC780059B923 /* Factorial.swift */; };
		176787F02085EC8C0059B923 /* RecursiveFactorial.swift in Sources */ = {isa = PBXBuildFile; fileRef = 176787EF2085EC8C0059B923 /* RecursiveFactorial.swift */; };
		176787F22085ECAC0059B923 /* ReverseWords.swift in Sources */ = {isa = PBXBuildFile; fileRef = 176787F12085ECAC0059B923 /* ReverseWords.swift */; };
		176787F42085ECBF0059B923 /* Fibonacci.swift in Sources */ = {isa = PBXBuildFile; fileRef = 176787F32085ECBF0059B923 /* Fibonacci.swift */; };
		176787F62085ECDB0059B923 /* RecursiveFibonacci.swift in Sources */ = {isa = PBXBuildFile; fileRef = 176787F52085ECDA0059B923 /* RecursiveFibonacci.swift */; };
		176787F82085ECFD0059B923 /* Stack.swift in Sources */ = {isa = PBXBuildFile; fileRef = 176787F72085ECFD0059B923 /* Stack.swift */; };
/* End PBXBuildFile section */

/* Begin PBXCopyFilesBuildPhase section */
		176787D92085DDC90059B923 /* CopyFiles */ = {
			isa = PBXCopyFilesBuildPhase;
			buildActionMask = 2147483647;
			dstPath = /usr/share/man/man1/;
			dstSubfolderSpec = 0;
			files = (
			);
			runOnlyForDeploymentPostprocessing = 1;
		};
/* End PBXCopyFilesBuildPhase section */

/* Begin PBXFileReference section */
		176787DB2085DDC90059B923 /* Algorithms & Data Structures */ = {isa = PBXFileReference; explicitFileType = "compiled.mach-o.executable"; includeInIndex = 0; path = "Algorithms & Data Structures"; sourceTree = BUILT_PRODUCTS_DIR; };
		176787DE2085DDC90059B923 /* main.swift */ = {isa = PBXFileReference; lastKnownFileType = sourcecode.swift; path = main.swift; sourceTree = "<group>"; };
		176787E52085EBCE0059B923 /* LinearSearch.swift */ = {isa = PBXFileReference; lastKnownFileType = sourcecode.swift; path = LinearSearch.swift; sourceTree = "<group>"; };
		176787E72085EC160059B923 /* FizzBuzz.swift */ = {isa = PBXFileReference; lastKnownFileType = sourcecode.swift; path = FizzBuzz.swift; sourceTree = "<group>"; };
		176787E92085EC2F0059B923 /* BinarySearch.swift */ = {isa = PBXFileReference; lastKnownFileType = sourcecode.swift; path = BinarySearch.swift; sourceTree = "<group>"; };
		176787EB2085EC4A0059B923 /* MostCommon.swift */ = {isa = PBXFileReference; lastKnownFileType = sourcecode.swift; path = MostCommon.swift; sourceTree = "<group>"; };
		176787ED2085EC780059B923 /* Factorial.swift */ = {isa = PBXFileReference; lastKnownFileType = sourcecode.swift; path = Factorial.swift; sourceTree = "<group>"; };
		176787EF2085EC8C0059B923 /* RecursiveFactorial.swift */ = {isa = PBXFileReference; lastKnownFileType = sourcecode.swift; path = RecursiveFactorial.swift; sourceTree = "<group>"; };
		176787F12085ECAC0059B923 /* ReverseWords.swift */ = {isa = PBXFileReference; lastKnownFileType = sourcecode.swift; path = ReverseWords.swift; sourceTree = "<group>"; };
		176787F32085ECBF0059B923 /* Fibonacci.swift */ = {isa = PBXFileReference; lastKnownFileType = sourcecode.swift; path = Fibonacci.swift; sourceTree = "<group>"; };
		176787F52085ECDA0059B923 /* RecursiveFibonacci.swift */ = {isa = PBXFileReference; lastKnownFileType = sourcecode.swift; path = RecursiveFibonacci.swift; sourceTree = "<group>"; };
		176787F72085ECFD0059B923 /* Stack.swift */ = {isa = PBXFileReference; lastKnownFileType = sourcecode.swift; path = Stack.swift; sourceTree = "<group>"; };
/* End PBXFileReference section */

/* Begin PBXFrameworksBuildPhase section */
		176787D82085DDC90059B923 /* Frameworks */ = {
			isa = PBXFrameworksBuildPhase;
			buildActionMask = 2147483647;
			files = (
			);
			runOnlyForDeploymentPostprocessing = 0;
		};
/* End PBXFrameworksBuildPhase section */

/* Begin PBXGroup section */
		176787D22085DDC90059B923 = {
			isa = PBXGroup;
			children = (
				176787DD2085DDC90059B923 /* Algorithms & Data Structures */,
				176787DC2085DDC90059B923 /* Products */,
			);
			sourceTree = "<group>";
		};
		176787DC2085DDC90059B923 /* Products */ = {
			isa = PBXGroup;
			children = (
				176787DB2085DDC90059B923 /* Algorithms & Data Structures */,
			);
			name = Products;
			sourceTree = "<group>";
		};
		176787DD2085DDC90059B923 /* Algorithms & Data Structures */ = {
			isa = PBXGroup;
			children = (
				176787DE2085DDC90059B923 /* main.swift */,
				176787E72085EC160059B923 /* FizzBuzz.swift */,
				176787E52085EBCE0059B923 /* LinearSearch.swift */,
				176787E92085EC2F0059B923 /* BinarySearch.swift */,
				176787F12085ECAC0059B923 /* ReverseWords.swift */,
				176787EF2085EC8C0059B923 /* RecursiveFactorial.swift */,
				176787ED2085EC780059B923 /* Factorial.swift */,
				176787EB2085EC4A0059B923 /* MostCommon.swift */,
				176787F32085ECBF0059B923 /* Fibonacci.swift */,
				176787F52085ECDA0059B923 /* RecursiveFibonacci.swift */,
				176787F72085ECFD0059B923 /* Stack.swift */,
			);
			path = "Algorithms & Data Structures";
			sourceTree = "<group>";
		};
/* End PBXGroup section */

/* Begin PBXNativeTarget section */
		176787DA2085DDC90059B923 /* Algorithms & Data Structures */ = {
			isa = PBXNativeTarget;
			buildConfigurationList = 176787E22085DDC90059B923 /* Build configuration list for PBXNativeTarget "Algorithms & Data Structures" */;
			buildPhases = (
				176787D72085DDC90059B923 /* Sources */,
				176787D82085DDC90059B923 /* Frameworks */,
				176787D92085DDC90059B923 /* CopyFiles */,
			);
			buildRules = (
			);
			dependencies = (
			);
			name = "Algorithms & Data Structures";
			productName = "Algorithms & Data Structures";
			productReference = 176787DB2085DDC90059B923 /* Algorithms & Data Structures */;
			productType = "com.apple.product-type.tool";
		};
/* End PBXNativeTarget section */

/* Begin PBXProject section */
		176787D32085DDC90059B923 /* Project object */ = {
			isa = PBXProject;
			attributes = {
				LastSwiftUpdateCheck = 0930;
				LastUpgradeCheck = 0930;
				ORGANIZATIONNAME = "Hamish Johnson";
				TargetAttributes = {
					176787DA2085DDC90059B923 = {
						CreatedOnToolsVersion = 9.3;
					};
				};
			};
			buildConfigurationList = 176787D62085DDC90059B923 /* Build configuration list for PBXProject "Algorithms & Data Structures" */;
			compatibilityVersion = "Xcode 9.3";
			developmentRegion = en;
			hasScannedForEncodings = 0;
			knownRegions = (
				en,
			);
			mainGroup = 176787D22085DDC90059B923;
			productRefGroup = 176787DC2085DDC90059B923 /* Products */;
			projectDirPath = "";
			projectRoot = "";
			targets = (
				176787DA2085DDC90059B923 /* Algorithms & Data Structures */,
			);
		};
/* End PBXProject section */

/* Begin PBXSourcesBuildPhase section */
		176787D72085DDC90059B923 /* Sources */ = {
			isa = PBXSourcesBuildPhase;
			buildActionMask = 2147483647;
			files = (
				176787F22085ECAC0059B923 /* ReverseWords.swift in Sources */,
				176787F62085ECDB0059B923 /* RecursiveFibonacci.swift in Sources */,
				176787E82085EC160059B923 /* FizzBuzz.swift in Sources */,
				176787F42085ECBF0059B923 /* Fibonacci.swift in Sources */,
				176787EA2085EC2F0059B923 /* BinarySearch.swift in Sources */,
				176787F82085ECFD0059B923 /* Stack.swift in Sources */,
				176787EC2085EC4A0059B923 /* MostCommon.swift in Sources */,
				176787F02085EC8C0059B923 /* RecursiveFactorial.swift in Sources */,
				176787EE2085EC780059B923 /* Factorial.swift in Sources */,
				176787DF2085DDC90059B923 /* main.swift in Sources */,
				176787E62085EBCE0059B923 /* LinearSearch.swift in Sources */,
			);
			runOnlyForDeploymentPostprocessing = 0;
		};
/* End PBXSourcesBuildPhase section */

/* Begin XCBuildConfiguration section */
		176787E02085DDC90059B923 /* Debug */ = {
			isa = XCBuildConfiguration;
			buildSettings = {
				ALWAYS_SEARCH_USER_PATHS = NO;
				CLANG_ANALYZER_NONNULL = YES;
				CLANG_ANALYZER_NUMBER_OBJECT_CONVERSION = YES_AGGRESSIVE;
				CLANG_CXX_LANGUAGE_STANDARD = "gnu++14";
				CLANG_CXX_LIBRARY = "libc++";
				CLANG_ENABLE_MODULES = YES;
				CLANG_ENABLE_OBJC_ARC = YES;
				CLANG_ENABLE_OBJC_WEAK = YES;
				CLANG_WARN_BLOCK_CAPTURE_AUTORELEASING = YES;
				CLANG_WARN_BOOL_CONVERSION = YES;
				CLANG_WARN_COMMA = YES;
				CLANG_WARN_CONSTANT_CONVERSION = YES;
				CLANG_WARN_DEPRECATED_OBJC_IMPLEMENTATIONS = YES;
				CLANG_WARN_DIRECT_OBJC_ISA_USAGE = YES_ERROR;
				CLANG_WARN_DOCUMENTATION_COMMENTS = YES;
				CLANG_WARN_EMPTY_BODY = YES;
				CLANG_WARN_ENUM_CONVERSION = YES;
				CLANG_WARN_INFINITE_RECURSION = YES;
				CLANG_WARN_INT_CONVERSION = YES;
				CLANG_WARN_NON_LITERAL_NULL_CONVERSION = YES;
				CLANG_WARN_OBJC_IMPLICIT_RETAIN_SELF = YES;
				CLANG_WARN_OBJC_LITERAL_CONVERSION = YES;
				CLANG_WARN_OBJC_ROOT_CLASS = YES_ERROR;
				CLANG_WARN_RANGE_LOOP_ANALYSIS = YES;
				CLANG_WARN_STRICT_PROTOTYPES = YES;
				CLANG_WARN_SUSPICIOUS_MOVE = YES;
				CLANG_WARN_UNGUARDED_AVAILABILITY = YES_AGGRESSIVE;
				CLANG_WARN_UNREACHABLE_CODE = YES;
				CLANG_WARN__DUPLICATE_METHOD_MATCH = YES;
				CODE_SIGN_IDENTITY = "Mac Developer";
				COPY_PHASE_STRIP = NO;
				DEBUG_INFORMATION_FORMAT = dwarf;
				ENABLE_STRICT_OBJC_MSGSEND = YES;
				ENABLE_TESTABILITY = YES;
				GCC_C_LANGUAGE_STANDARD = gnu11;
				GCC_DYNAMIC_NO_PIC = NO;
				GCC_NO_COMMON_BLOCKS = YES;
				GCC_OPTIMIZATION_LEVEL = 0;
				GCC_PREPROCESSOR_DEFINITIONS = (
					"DEBUG=1",
					"$(inherited)",
				);
				GCC_WARN_64_TO_32_BIT_CONVERSION = YES;
				GCC_WARN_ABOUT_RETURN_TYPE = YES_ERROR;
				GCC_WARN_UNDECLARED_SELECTOR = YES;
				GCC_WARN_UNINITIALIZED_AUTOS = YES_AGGRESSIVE;
				GCC_WARN_UNUSED_FUNCTION = YES;
				GCC_WARN_UNUSED_VARIABLE = YES;
				MACOSX_DEPLOYMENT_TARGET = 10.13;
				MTL_ENABLE_DEBUG_INFO = YES;
				ONLY_ACTIVE_ARCH = YES;
				SDKROOT = macosx;
				SWIFT_ACTIVE_COMPILATION_CONDITIONS = DEBUG;
				SWIFT_OPTIMIZATION_LEVEL = "-Onone";
			};
			name = Debug;
		};
		176787E12085DDC90059B923 /* Release */ = {
			isa = XCBuildConfiguration;
			buildSettings = {
				ALWAYS_SEARCH_USER_PATHS = NO;
				CLANG_ANALYZER_NONNULL = YES;
				CLANG_ANALYZER_NUMBER_OBJECT_CONVERSION = YES_AGGRESSIVE;
				CLANG_CXX_LANGUAGE_STANDARD = "gnu++14";
				CLANG_CXX_LIBRARY = "libc++";
				CLANG_ENABLE_MODULES = YES;
				CLANG_ENABLE_OBJC_ARC = YES;
				CLANG_ENABLE_OBJC_WEAK = YES;
				CLANG_WARN_BLOCK_CAPTURE_AUTORELEASING = YES;
				CLANG_WARN_BOOL_CONVERSION = YES;
				CLANG_WARN_COMMA = YES;
				CLANG_WARN_CONSTANT_CONVERSION = YES;
				CLANG_WARN_DEPRECATED_OBJC_IMPLEMENTATIONS = YES;
				CLANG_WARN_DIRECT_OBJC_ISA_USAGE = YES_ERROR;
				CLANG_WARN_DOCUMENTATION_COMMENTS = YES;
				CLANG_WARN_EMPTY_BODY = YES;
				CLANG_WARN_ENUM_CONVERSION = YES;
				CLANG_WARN_INFINITE_RECURSION = YES;
				CLANG_WARN_INT_CONVERSION = YES;
				CLANG_WARN_NON_LITERAL_NULL_CONVERSION = YES;
				CLANG_WARN_OBJC_IMPLICIT_RETAIN_SELF = YES;
				CLANG_WARN_OBJC_LITERAL_CONVERSION = YES;
				CLANG_WARN_OBJC_ROOT_CLASS = YES_ERROR;
				CLANG_WARN_RANGE_LOOP_ANALYSIS = YES;
				CLANG_WARN_STRICT_PROTOTYPES = YES;
				CLANG_WARN_SUSPICIOUS_MOVE = YES;
				CLANG_WARN_UNGUARDED_AVAILABILITY = YES_AGGRESSIVE;
				CLANG_WARN_UNREACHABLE_CODE = YES;
				CLANG_WARN__DUPLICATE_METHOD_MATCH = YES;
				CODE_SIGN_IDENTITY = "Mac Developer";
				COPY_PHASE_STRIP = NO;
				DEBUG_INFORMATION_FORMAT = "dwarf-with-dsym";
				ENABLE_NS_ASSERTIONS = NO;
				ENABLE_STRICT_OBJC_MSGSEND = YES;
				GCC_C_LANGUAGE_STANDARD = gnu11;
				GCC_NO_COMMON_BLOCKS = YES;
				GCC_WARN_64_TO_32_BIT_CONVERSION = YES;
				GCC_WARN_ABOUT_RETURN_TYPE = YES_ERROR;
				GCC_WARN_UNDECLARED_SELECTOR = YES;
				GCC_WARN_UNINITIALIZED_AUTOS = YES_AGGRESSIVE;
				GCC_WARN_UNUSED_FUNCTION = YES;
				GCC_WARN_UNUSED_VARIABLE = YES;
				MACOSX_DEPLOYMENT_TARGET = 10.13;
				MTL_ENABLE_DEBUG_INFO = NO;
				SDKROOT = macosx;
				SWIFT_COMPILATION_MODE = wholemodule;
				SWIFT_OPTIMIZATION_LEVEL = "-O";
			};
			name = Release;
		};
		176787E32085DDC90059B923 /* Debug */ = {
			isa = XCBuildConfiguration;
			buildSettings = {
				CODE_SIGN_STYLE = Automatic;
				DEVELOPMENT_TEAM = UDCW28VB9U;
				PRODUCT_NAME = "$(TARGET_NAME)";
				SWIFT_VERSION = 4.0;
			};
			name = Debug;
		};
		176787E42085DDC90059B923 /* Release */ = {
			isa = XCBuildConfiguration;
			buildSettings = {
				CODE_SIGN_STYLE = Automatic;
				DEVELOPMENT_TEAM = UDCW28VB9U;
				PRODUCT_NAME = "$(TARGET_NAME)";
				SWIFT_VERSION = 4.0;
			};
			name = Release;
		};
/* End XCBuildConfiguration section */

/* Begin XCConfigurationList section */
		176787D62085DDC90059B923 /* Build configuration list for PBXProject "Algorithms & Data Structures" */ = {
			isa = XCConfigurationList;
			buildConfigurations = (
				176787E02085DDC90059B923 /* Debug */,
				176787E12085DDC90059B923 /* Release */,
			);
			defaultConfigurationIsVisible = 0;
			defaultConfigurationName = Release;
		};
		176787E22085DDC90059B923 /* Build configuration list for PBXNativeTarget "Algorithms & Data Structures" */ = {
			isa = XCConfigurationList;
			buildConfigurations = (
				176787E32085DDC90059B923 /* Debug */,
				176787E42085DDC90059B923 /* Release */,
			);
			defaultConfigurationIsVisible = 0;
			defaultConfigurationName = Release;
		};
/* End XCConfigurationList section */
	};
	rootObject = 176787D32085DDC90059B923 /* Project object */;
}
